{
  "nodes": {
    "autosuggestions": {
      "flake": false,
      "locked": {
        "lastModified": 1750781703,
        "narHash": "sha256-KmkXgK1J6iAyb1FtF/gOa0adUnh1pgFsgQOUnNngBaE=",
        "owner": "zsh-users",
        "repo": "zsh-autosuggestions",
        "rev": "85919cd1ffa7d2d5412f6d3fe437ebdbeeec4fc5",
        "type": "github"
      },
      "original": {
        "owner": "zsh-users",
        "repo": "zsh-autosuggestions",
        "type": "github"
      }
    },
    "completions": {
      "flake": false,
      "locked": {
        "lastModified": 1788654330,
        "narHash": "sha256-DAyQ57pA5u4v5q+NqoLHDo90UCW6WeaqNESEnOZk79U=",
        "owner": "zsh-users",
        "repo": "zsh-completions",
        "rev": "de02bb84ab0af51e328c6ae85ab5555397c31277",
        "type": "github"
      },
      "original": {
        "owner": "zsh-users",
        "repo": "zsh-completions",
        "type": "github"
      }
    },
    "fzf-tab": {
      "flake": false,
      "locked": {
        "lastModified": 1780551775,
        "narHash": "sha256-YhTSu0P7mFlVx1zBvbT0jNstkamcZHhPYJHKMAHgyuM=",
        "owner": "aloxaf",
        "repo": "fzf-tab",
        "rev": "24105b15714bfec37989ed5c5b6e60f572253019",
        "type": "github"
      },
      "original": {
        "owner": "aloxaf",
        "repo": "fzf-tab",
        "type": "github"
      }
    },
    "root": {
      "inputs": {
        "autosuggestions": "autosuggestions",
        "completions": "completions",
        "fzf-tab": "fzf-tab",
        "syntax-highlighting": "syntax-highlighting"
      }
    },
    "syntax-highlighting": {
      "flake": false,
      "locked": {
        "lastModified": 1789641642,
        "narHash": "sha256-6yqlW0AWQ2xzl27OqhGjb4MS7yxKnxzLC4g/6riIhn4=",
        "owner": "zsh-users",
        "repo": "zsh-syntax-highlighting",
        "rev": "0bfcb582e71d3abe604ce67bc0fe5a21f377507e",
        "type": "github"
      },
      "original": {
        "owner": "zsh-users",
        "repo": "zsh-syntax-highlighting",
        "type": "github"
      }
    }
  },
  "root": "root",
  "version": 7
}
