{
  "nodes": {
    "autosuggestions": {
      "flake": false,
      "locked": {
        "lastModified": 1750781703,
        "narHash": "sha256-KmkXgK1J6iAyb1FtF/gOa0adUnh1pgFsgQOUnNngBaE=",
        "owner": "zsh-users",
        "repo": "zsh-autosuggestions",
        "rev": "85919cd1ffa7d2d5412f6d3fe437ebdbeeec4fc5",
        "type": "github"
      },
      "original": {
        "owner": "zsh-users",
        "repo": "zsh-autosuggestions",
        "type": "github"
      }
    },
    "completions": {
      "flake": false,
      "locked": {
        "lastModified": 1773387056,
        "narHash": "sha256-e2JWlaYSDbnnHuzJIu8ELWHCmTa8QCxMtG0MhixlzgY=",
        "owner": "zsh-users",
        "repo": "zsh-completions",
        "rev": "ce3bdfed22ef10a81eb9b3291a0050d4d92798f5",
        "type": "github"
      },
      "original": {
        "owner": "zsh-users",
        "repo": "zsh-completions",
        "type": "github"
      }
    },
    "fzf-tab": {
      "flake": false,
      "locked": {
        "lastModified": 1773502355,
        "narHash": "sha256-QSIRUV3sV+ick7Y4dc/aIl0JD9Wgo3gYU5KIDZg6UWU=",
        "owner": "aloxaf",
        "repo": "fzf-tab",
        "rev": "9fa836466a01420a7f8a8bb56177455f9bdb105f",
        "type": "github"
      },
      "original": {
        "owner": "aloxaf",
        "repo": "fzf-tab",
        "type": "github"
      }
    },
    "root": {
      "inputs": {
        "autosuggestions": "autosuggestions",
        "completions": "completions",
        "fzf-tab": "fzf-tab",
        "syntax-highlighting": "syntax-highlighting"
      }
    },
    "syntax-highlighting": {
      "flake": false,
      "locked": {
        "lastModified": 1770569380,
        "narHash": "sha256-VMne38IQwqB4jwGUI2f3eEiSkT2ww7+G5ch7w+65GT0=",
        "owner": "zsh-users",
        "repo": "zsh-syntax-highlighting",
        "rev": "1d85c692615a25fe2293bdd44b34c217d5d2bf04",
        "type": "github"
      },
      "original": {
        "owner": "zsh-users",
        "repo": "zsh-syntax-highlighting",
        "type": "github"
      }
    }
  },
  "root": "root",
  "version": 7
}
